// !$*UTF8*$!
{
	archiveVersion = 1;
	classes = {
	};
	objectVersion = 46;
	objects = {

/* Begin PBXBuildFile section */
		063493D116543EFB0036B3F7 /* icon.png in Resources */ = {isa = PBXBuildFile; fileRef = 063493CF16543EFB0036B3F7 /* icon.png */; };
		063493D216543EFB0036B3F7 /* icon@2x.png in Resources */ = {isa = PBXBuildFile; fileRef = 063493D016543EFB0036B3F7 /* icon@2x.png */; };
		D9F3E2C015BF1EFD003F076D /* UIKit.framework in Frameworks */ = {isa = PBXBuildFile; fileRef = D9F3E2BF15BF1EFD003F076D /* UIKit.framework */; };
		D9F3E2C215BF1EFD003F076D /* Foundation.framework in Frameworks */ = {isa = PBXBuildFile; fileRef = D9F3E2C115BF1EFD003F076D /* Foundation.framework */; };
		D9F3E2C415BF1EFD003F076D /* CoreGraphics.framework in Frameworks */ = {isa = PBXBuildFile; fileRef = D9F3E2C315BF1EFD003F076D /* CoreGraphics.framework */; };
		D9F3E2CA15BF1EFD003F076D /* InfoPlist.strings in Resources */ = {isa = PBXBuildFile; fileRef = D9F3E2C815BF1EFD003F076D /* InfoPlist.strings */; };
		D9F3E2CC15BF1EFD003F076D /* main.m in Sources */ = {isa = PBXBuildFile; fileRef = D9F3E2CB15BF1EFD003F076D /* main.m */; };
		D9F3E2D015BF1EFD003F076D /* DAAppDelegate.m in Sources */ = {isa = PBXBuildFile; fileRef = D9F3E2CF15BF1EFD003F076D /* DAAppDelegate.m */; };
		D9F3E2D315BF1EFD003F076D /* MainStoryboard.storyboard in Resources */ = {isa = PBXBuildFile; fileRef = D9F3E2D115BF1EFD003F076D /* MainStoryboard.storyboard */; };
		D9F3E2DE15BF23B8003F076D /* DAColorChooserViewController.m in Sources */ = {isa = PBXBuildFile; fileRef = D9F3E2DD15BF23B8003F076D /* DAColorChooserViewController.m */; };
/* End PBXBuildFile section */

/* Begin PBXFileReference section */
		063493CF16543EFB0036B3F7 /* icon.png */ = {isa = PBXFileReference; lastKnownFileType = image.png; path = icon.png; sourceTree = "<group>"; };
		063493D016543EFB0036B3F7 /* icon@2x.png */ = {isa = PBXFileReference; lastKnownFileType = image.png; path = "icon@2x.png"; sourceTree = "<group>"; };
		D9F3E2BB15BF1EFD003F076D /* iOS-Storyboard.app */ = {isa = PBXFileReference; explicitFileType = wrapper.application; includeInIndex = 0; path = "iOS-Storyboard.app"; sourceTree = BUILT_PRODUCTS_DIR; };
		D9F3E2BF15BF1EFD003F076D /* UIKit.framework */ = {isa = PBXFileReference; lastKnownFileType = wrapper.framework; name = UIKit.framework; path = System/Library/Frameworks/UIKit.framework; sourceTree = SDKROOT; };
		D9F3E2C115BF1EFD003F076D /* Foundation.framework */ = {isa = PBXFileReference; lastKnownFileType = wrapper.framework; name = Foundation.framework; path = System/Library/Frameworks/Foundation.framework; sourceTree = SDKROOT; };
		D9F3E2C315BF1EFD003F076D /* CoreGraphics.framework */ = {isa = PBXFileReference; lastKnownFileType = wrapper.framework; name = CoreGraphics.framework; path = System/Library/Frameworks/CoreGraphics.framework; sourceTree = SDKROOT; };
		D9F3E2C715BF1EFD003F076D /* iOS-Storyboard-Info.plist */ = {isa = PBXFileReference; lastKnownFileType = text.plist.xml; path = "iOS-Storyboard-Info.plist"; sourceTree = "<group>"; };
		D9F3E2C915BF1EFD003F076D /* en */ = {isa = PBXFileReference; lastKnownFileType = text.plist.strings; name = en; path = en.lproj/InfoPlist.strings; sourceTree = "<group>"; };
		D9F3E2CB15BF1EFD003F076D /* main.m */ = {isa = PBXFileReference; lastKnownFileType = sourcecode.c.objc; path = main.m; sourceTree = "<group>"; };
		D9F3E2CD15BF1EFD003F076D /* iOS-Storyboard-Prefix.pch */ = {isa = PBXFileReference; lastKnownFileType = sourcecode.c.h; path = "iOS-Storyboard-Prefix.pch"; sourceTree = "<group>"; };
		D9F3E2CE15BF1EFD003F076D /* DAAppDelegate.h */ = {isa = PBXFileReference; lastKnownFileType = sourcecode.c.h; path = DAAppDelegate.h; sourceTree = "<group>"; };
		D9F3E2CF15BF1EFD003F076D /* DAAppDelegate.m */ = {isa = PBXFileReference; lastKnownFileType = sourcecode.c.objc; path = DAAppDelegate.m; sourceTree = "<group>"; };
		D9F3E2D215BF1EFD003F076D /* en */ = {isa = PBXFileReference; lastKnownFileType = file.storyboard; name = en; path = en.lproj/MainStoryboard.storyboard; sourceTree = "<group>"; };
		D9F3E2DC15BF23B8003F076D /* DAColorChooserViewController.h */ = {isa = PBXFileReference; fileEncoding = 4; lastKnownFileType = sourcecode.c.h; path = DAColorChooserViewController.h; sourceTree = "<group>"; };
		D9F3E2DD15BF23B8003F076D /* DAColorChooserViewController.m */ = {isa = PBXFileReference; fileEncoding = 4; lastKnownFileType = sourcecode.c.objc; path = DAColorChooserViewController.m; sourceTree = "<group>"; };
/* End PBXFileReference section */

/* Begin PBXFrameworksBuildPhase section */
		D9F3E2B815BF1EFD003F076D /* Frameworks */ = {
			isa = PBXFrameworksBuildPhase;
			buildActionMask = 2147483647;
			files = (
				D9F3E2C015BF1EFD003F076D /* UIKit.framework in Frameworks */,
				D9F3E2C215BF1EFD003F076D /* Foundation.framework in Frameworks */,
				D9F3E2C415BF1EFD003F076D /* CoreGraphics.framework in Frameworks */,
			);
			runOnlyForDeploymentPostprocessing = 0;
		};
/* End PBXFrameworksBuildPhase section */

/* Begin PBXGroup section */
		D9F3E2B015BF1EFC003F076D = {
			isa = PBXGroup;
			children = (
				D9F3E2C515BF1EFD003F076D /* DAStoryboard */,
				D9F3E2BE15BF1EFD003F076D /* Frameworks */,
				D9F3E2BC15BF1EFD003F076D /* Products */,
			);
			sourceTree = "<group>";
		};
		D9F3E2BC15BF1EFD003F076D /* Products */ = {
			isa = PBXGroup;
			children = (
				D9F3E2BB15BF1EFD003F076D /* iOS-Storyboard.app */,
			);
			name = Products;
			sourceTree = "<group>";
		};
		D9F3E2BE15BF1EFD003F076D /* Frameworks */ = {
			isa = PBXGroup;
			children = (
				D9F3E2BF15BF1EFD003F076D /* UIKit.framework */,
				D9F3E2C115BF1EFD003F076D /* Foundation.framework */,
				D9F3E2C315BF1EFD003F076D /* CoreGraphics.framework */,
			);
			name = Frameworks;
			sourceTree = "<group>";
		};
		D9F3E2C515BF1EFD003F076D /* DAStoryboard */ = {
			isa = PBXGroup;
			children = (
				D9F3E2CE15BF1EFD003F076D /* DAAppDelegate.h */,
				D9F3E2CF15BF1EFD003F076D /* DAAppDelegate.m */,
				D9F3E2DC15BF23B8003F076D /* DAColorChooserViewController.h */,
				D9F3E2DD15BF23B8003F076D /* DAColorChooserViewController.m */,
				D9F3E2D115BF1EFD003F076D /* MainStoryboard.storyboard */,
				D9F3E2C615BF1EFD003F076D /* Supporting Files */,
			);
			path = DAStoryboard;
			sourceTree = "<group>";
		};
		D9F3E2C615BF1EFD003F076D /* Supporting Files */ = {
			isa = PBXGroup;
			children = (
				063493CF16543EFB0036B3F7 /* icon.png */,
				063493D016543EFB0036B3F7 /* icon@2x.png */,
				D9F3E2C715BF1EFD003F076D /* iOS-Storyboard-Info.plist */,
				D9F3E2C815BF1EFD003F076D /* InfoPlist.strings */,
				D9F3E2CB15BF1EFD003F076D /* main.m */,
				D9F3E2CD15BF1EFD003F076D /* iOS-Storyboard-Prefix.pch */,
			);
			name = "Supporting Files";
			sourceTree = "<group>";
		};
/* End PBXGroup section */

/* Begin PBXNativeTarget section */
		D9F3E2BA15BF1EFD003F076D /* iOS-Storyboard */ = {
			isa = PBXNativeTarget;
			buildConfigurationList = D9F3E2D915BF1EFD003F076D /* Build configuration list for PBXNativeTarget "iOS-Storyboard" */;
			buildPhases = (
				D9F3E2B715BF1EFD003F076D /* Sources */,
				D9F3E2B815BF1EFD003F076D /* Frameworks */,
				D9F3E2B915BF1EFD003F076D /* Resources */,
			);
			buildRules = (
			);
			dependencies = (
			);
			name = "iOS-Storyboard";
			productName = DAStoryboard;
			productReference = D9F3E2BB15BF1EFD003F076D /* iOS-Storyboard.app */;
			productType = "com.apple.product-type.application";
		};
/* End PBXNativeTarget section */

/* Begin PBXProject section */
		D9F3E2B215BF1EFC003F076D /* Project object */ = {
			isa = PBXProject;
			attributes = {
				LastUpgradeCheck = 0420;
			};
			buildConfigurationList = D9F3E2B515BF1EFC003F076D /* Build configuration list for PBXProject "iOS-Storyboard" */;
			compatibilityVersion = "Xcode 3.2";
			developmentRegion = English;
			hasScannedForEncodings = 0;
			knownRegions = (
				en,
			);
			mainGroup = D9F3E2B015BF1EFC003F076D;
			productRefGroup = D9F3E2BC15BF1EFD003F076D /* Products */;
			projectDirPath = "";
			projectRoot = "";
			targets = (
				D9F3E2BA15BF1EFD003F076D /* iOS-Storyboard */,
			);
		};
/* End PBXProject section */

/* Begin PBXResourcesBuildPhase section */
		D9F3E2B915BF1EFD003F076D /* Resources */ = {
			isa = PBXResourcesBuildPhase;
			buildActionMask = 2147483647;
			files = (
				D9F3E2CA15BF1EFD003F076D /* InfoPlist.strings in Resources */,
				D9F3E2D315BF1EFD003F076D /* MainStoryboard.storyboard in Resources */,
				063493D116543EFB0036B3F7 /* icon.png in Resources */,
				063493D216543EFB0036B3F7 /* icon@2x.png in Resources */,
			);
			runOnlyForDeploymentPostprocessing = 0;
		};
/* End PBXResourcesBuildPhase section */

/* Begin PBXSourcesBuildPhase section */
		D9F3E2B715BF1EFD003F076D /* Sources */ = {
			isa = PBXSourcesBuildPhase;
			buildActionMask = 2147483647;
			files = (
				D9F3E2CC15BF1EFD003F076D /* main.m in Sources */,
				D9F3E2D015BF1EFD003F076D /* DAAppDelegate.m in Sources */,
				D9F3E2DE15BF23B8003F076D /* DAColorChooserViewController.m in Sources */,
			);
			runOnlyForDeploymentPostprocessing = 0;
		};
/* End PBXSourcesBuildPhase section */

/* Begin PBXVariantGroup section */
		D9F3E2C815BF1EFD003F076D /* InfoPlist.strings */ = {
			isa = PBXVariantGroup;
			children = (
				D9F3E2C915BF1EFD003F076D /* en */,
			);
			name = InfoPlist.strings;
			sourceTree = "<group>";
		};
		D9F3E2D115BF1EFD003F076D /* MainStoryboard.storyboard */ = {
			isa = PBXVariantGroup;
			children = (
				D9F3E2D215BF1EFD003F076D /* en */,
			);
			name = MainStoryboard.storyboard;
			sourceTree = "<group>";
		};
/* End PBXVariantGroup section */

/* Begin XCBuildConfiguration section */
		D9F3E2D715BF1EFD003F076D /* Debug */ = {
			isa = XCBuildConfiguration;
			buildSettings = {
				ALWAYS_SEARCH_USER_PATHS = NO;
				ARCHS = "$(ARCHS_STANDARD_32_BIT)";
				CLANG_ENABLE_OBJC_ARC = YES;
				"CODE_SIGN_IDENTITY[sdk=iphoneos*]" = "iPhone Developer";
				COPY_PHASE_STRIP = NO;
				GCC_C_LANGUAGE_STANDARD = gnu99;
				GCC_DYNAMIC_NO_PIC = NO;
				GCC_OPTIMIZATION_LEVEL = 0;
				GCC_PREPROCESSOR_DEFINITIONS = (
					"DEBUG=1",
					"$(inherited)",
				);
				GCC_SYMBOLS_PRIVATE_EXTERN = NO;
				GCC_VERSION = com.apple.compilers.llvm.clang.1_0;
				GCC_WARN_ABOUT_MISSING_PROTOTYPES = YES;
				GCC_WARN_ABOUT_RETURN_TYPE = YES;
				GCC_WARN_UNUSED_VARIABLE = YES;
				IPHONEOS_DEPLOYMENT_TARGET = 5.0;
				SDKROOT = iphoneos;
			};
			name = Debug;
		};
		D9F3E2D815BF1EFD003F076D /* Release */ = {
			isa = XCBuildConfiguration;
			buildSettings = {
				ALWAYS_SEARCH_USER_PATHS = NO;
				ARCHS = "$(ARCHS_STANDARD_32_BIT)";
				CLANG_ENABLE_OBJC_ARC = YES;
				"CODE_SIGN_IDENTITY[sdk=iphoneos*]" = "iPhone Developer";
				COPY_PHASE_STRIP = YES;
				GCC_C_LANGUAGE_STANDARD = gnu99;
				GCC_VERSION = com.apple.compilers.llvm.clang.1_0;
				GCC_WARN_ABOUT_MISSING_PROTOTYPES = YES;
				GCC_WARN_ABOUT_RETURN_TYPE = YES;
				GCC_WARN_UNUSED_VARIABLE = YES;
				IPHONEOS_DEPLOYMENT_TARGET = 5.0;
				OTHER_CFLAGS = "-DNS_BLOCK_ASSERTIONS=1";
				SDKROOT = iphoneos;
				VALIDATE_PRODUCT = YES;
			};
			name = Release;
		};
		D9F3E2DA15BF1EFD003F076D /* Debug */ = {
			isa = XCBuildConfiguration;
			buildSettings = {
				GCC_PRECOMPILE_PREFIX_HEADER = YES;
				GCC_PREFIX_HEADER = "DAStoryboard/iOS-Storyboard-Prefix.pch";
				INFOPLIST_FILE = "DAStoryboard/iOS-Storyboard-Info.plist";
				PRODUCT_NAME = "iOS-Storyboard";
				WRAPPER_EXTENSION = app;
			};
			name = Debug;
		};
		D9F3E2DB15BF1EFD003F076D /* Release */ = {
			isa = XCBuildConfiguration;
			buildSettings = {
				GCC_PRECOMPILE_PREFIX_HEADER = YES;
				GCC_PREFIX_HEADER = "DAStoryboard/iOS-Storyboard-Prefix.pch";
				INFOPLIST_FILE = "DAStoryboard/iOS-Storyboard-Info.plist";
				PRODUCT_NAME = "iOS-Storyboard";
				WRAPPER_EXTENSION = app;
			};
			name = Release;
		};
/* End XCBuildConfiguration section */

/* Begin XCConfigurationList section */
		D9F3E2B515BF1EFC003F076D /* Build configuration list for PBXProject "iOS-Storyboard" */ = {
			isa = XCConfigurationList;
			buildConfigurations = (
				D9F3E2D715BF1EFD003F076D /* Debug */,
				D9F3E2D815BF1EFD003F076D /* Release */,
			);
			defaultConfigurationIsVisible = 0;
			defaultConfigurationName = Release;
		};
		D9F3E2D915BF1EFD003F076D /* Build configuration list for PBXNativeTarget "iOS-Storyboard" */ = {
			isa = XCConfigurationList;
			buildConfigurations = (
				D9F3E2DA15BF1EFD003F076D /* Debug */,
				D9F3E2DB15BF1EFD003F076D /* Release */,
			);
			defaultConfigurationIsVisible = 0;
			defaultConfigurationName = Release;
		};
/* End XCConfigurationList section */
	};
	rootObject = D9F3E2B215BF1EFC003F076D /* Project object */;
}
